
Microsoft Visual Studio Solution File, Format Version 12.00
# Visual Studio Version 17
VisualStudioVersion = 17.6.33815.320
MinimumVisualStudioVersion = 10.0.40219.1
Project("{9A19103F-16F7-4668-BE54-9A1E7A4F7556}") = "WinFormsApp1", "WinFormsApp1\WinFormsApp1.csproj", "{949143CE-9137-421B-93A6-612F2540704A}"
EndProject
Global
	GlobalSection(SolutionConfigurationPlatforms) = preSolution
		Debug|Any CPU = Debug|Any CPU
		Release|Any CPU = Release|Any CPU
	EndGlobalSection
	GlobalSection(ProjectConfigurationPlatforms) = postSolution
		{949143CE-9137-421B-93A6-612F2540704A}.Debug|Any CPU.ActiveCfg = Debug|Any CPU
		{949143CE-9137-421B-93A6-612F2540704A}.Debug|Any CPU.Build.0 = Debug|Any CPU
		{949143CE-9137-421B-93A6-612F2540704A}.Release|Any CPU.ActiveCfg = Release|Any CPU
		{949143CE-9137-421B-93A6-612F2540704A}.Release|Any CPU.Build.0 = Release|Any CPU
	EndGlobalSection
	GlobalSection(SolutionProperties) = preSolution
		HideSolutionNode = FALSE
	EndGlobalSection
	GlobalSection(ExtensibilityGlobals) = postSolution
		SolutionGuid = {2ABB1BB5-B410-494B-9D1C-E0EE2DD60254}
	EndGlobalSection
EndGlobal
